
Microsoft Visual Studio Solution File, Format Version 12.00
# Visual Studio Version 16
VisualStudioVersion = 16.0.30330.147
MinimumVisualStudioVersion = 10.0.40219.1
Project("{9A19103F-16F7-4668-BE54-9A1E7A4F7556}") = "openprocurement-agent", "openprocurement-agent\openprocurement-agent.csproj", "{93EA9324-8124-44D8-A2F4-4CFAFA90367F}"
EndProject
Project("{9A19103F-16F7-4668-BE54-9A1E7A4F7556}") = "openprocurement.api.client", "openprocurement.api.client\openprocurement.api.client.csproj", "{819CEE65-92F2-4C81-8180-17C9222AAECF}"
EndProject
Project("{9A19103F-16F7-4668-BE54-9A1E7A4F7556}") = "XUnitTestProject", "XUnitTestProject\XUnitTestProject.csproj", "{858CA8DF-F26E-4948-BA5A-C1B2EFA06243}"
EndProject
Global
	GlobalSection(SolutionConfigurationPlatforms) = preSolution
		Debug|Any CPU = Debug|Any CPU
		Release|Any CPU = Release|Any CPU
	EndGlobalSection
	GlobalSection(ProjectConfigurationPlatforms) = postSolution
		{93EA9324-8124-44D8-A2F4-4CFAFA90367F}.Debug|Any CPU.ActiveCfg = Debug|Any CPU
		{93EA9324-8124-44D8-A2F4-4CFAFA90367F}.Debug|Any CPU.Build.0 = Debug|Any CPU
		{93EA9324-8124-44D8-A2F4-4CFAFA90367F}.Release|Any CPU.ActiveCfg = Release|Any CPU
		{93EA9324-8124-44D8-A2F4-4CFAFA90367F}.Release|Any CPU.Build.0 = Release|Any CPU
		{819CEE65-92F2-4C81-8180-17C9222AAECF}.Debug|Any CPU.ActiveCfg = Debug|Any CPU
		{819CEE65-92F2-4C81-8180-17C9222AAECF}.Debug|Any CPU.Build.0 = Debug|Any CPU
		{819CEE65-92F2-4C81-8180-17C9222AAECF}.Release|Any CPU.ActiveCfg = Release|Any CPU
		{819CEE65-92F2-4C81-8180-17C9222AAECF}.Release|Any CPU.Build.0 = Release|Any CPU
		{858CA8DF-F26E-4948-BA5A-C1B2EFA06243}.Debug|Any CPU.ActiveCfg = Debug|Any CPU
		{858CA8DF-F26E-4948-BA5A-C1B2EFA06243}.Debug|Any CPU.Build.0 = Debug|Any CPU
		{858CA8DF-F26E-4948-BA5A-C1B2EFA06243}.Release|Any CPU.ActiveCfg = Release|Any CPU
		{858CA8DF-F26E-4948-BA5A-C1B2EFA06243}.Release|Any CPU.Build.0 = Release|Any CPU
	EndGlobalSection
	GlobalSection(SolutionProperties) = preSolution
		HideSolutionNode = FALSE
	EndGlobalSection
	GlobalSection(ExtensibilityGlobals) = postSolution
		SolutionGuid = {1F179EEB-E06D-45D9-9926-FC5FB5B495B3}
	EndGlobalSection
EndGlobal
